PODS:
  - Flutter (1.0.0)
  - sshvpn_flutter (1.0.0):
    - Flutter
    - vpn_adapter_ios (~> 1.0.0)
  - vpn_adapter_ios (1.0.0)

DEPENDENCIES:
  - Flutter (from `Flutter`)
  - sshvpn_flutter (from `.symlinks/plugins/sshvpn_flutter/ios`)
  - vpn_adapter_ios (from `https://github.com/NavidShokoufeh/vpn_adapter_ios.git`, tag `1.0.0`)

EXTERNAL SOURCES:
  Flutter:
    :path: Flutter
  sshvpn_flutter:
    :path: ".symlinks/plugins/sshvpn_flutter/ios"
  vpn_adapter_ios:
    :git: https://github.com/NavidShokoufeh/vpn_adapter_ios.git
    :tag: 1.0.0

CHECKOUT OPTIONS:
  vpn_adapter_ios:
    :git: https://github.com/NavidShokoufeh/vpn_adapter_ios.git
    :tag: 1.0.0

SPEC CHECKSUMS:
  Flutter: e0871f40cf51350855a761d2e70bf5af5b9b5de7
  sshvpn_flutter: 1e8ac672fbededd8c38b190aa2eddea80940432e
  vpn_adapter_ios: ef856cbfebcb146e300ca1bb9857fc376101dc45

PODFILE CHECKSUM: b285d6c1c2386b67d724908d4b8339e7931ed595

COCOAPODS: 1.15.2
